
Microsoft Visual Studio Solution File, Format Version 12.00
# Visual Studio Version 17
VisualStudioVersion = 17.4.33110.190
MinimumVisualStudioVersion = 10.0.40219.1
Project("{FAE04EC0-301F-11D3-BF4B-00C04F79EFBC}") = "4ITAsk2Kostky", "4ITAsk2Kostky\4ITAsk2Kostky.csproj", "{3B18530F-3D21-47BF-9F9D-D9D71BB5E453}"
EndProject
Global
	GlobalSection(SolutionConfigurationPlatforms) = preSolution
		Debug|Any CPU = Debug|Any CPU
		Release|Any CPU = Release|Any CPU
	EndGlobalSection
	GlobalSection(ProjectConfigurationPlatforms) = postSolution
		{3B18530F-3D21-47BF-9F9D-D9D71BB5E453}.Debug|Any CPU.ActiveCfg = Debug|Any CPU
		{3B18530F-3D21-47BF-9F9D-D9D71BB5E453}.Debug|Any CPU.Build.0 = Debug|Any CPU
		{3B18530F-3D21-47BF-9F9D-D9D71BB5E453}.Release|Any CPU.ActiveCfg = Release|Any CPU
		{3B18530F-3D21-47BF-9F9D-D9D71BB5E453}.Release|Any CPU.Build.0 = Release|Any CPU
	EndGlobalSection
	GlobalSection(SolutionProperties) = preSolution
		HideSolutionNode = FALSE
	EndGlobalSection
	GlobalSection(ExtensibilityGlobals) = postSolution
		SolutionGuid = {17250C0C-238A-4D96-A1AE-B149F442B246}
	EndGlobalSection
EndGlobal
